
Microsoft Visual Studio Solution File, Format Version 12.00
# Visual Studio 14
VisualStudioVersion = 14.0.25420.1
MinimumVisualStudioVersion = 10.0.40219.1
Project("{FAE04EC0-301F-11D3-BF4B-00C04F79EFBC}") = "AssemblyBrowser", "AssemblyBrowser\AssemblyBrowser.csproj", "{08C06158-D108-4F73-9469-FBA9FD14F83A}"
EndProject
Project("{FAE04EC0-301F-11D3-BF4B-00C04F79EFBC}") = "GraphLayout", "GraphLayout\GraphLayout.csproj", "{E8B47F54-A613-4DB3-8587-7494F2F429FC}"
EndProject
Global
	GlobalSection(SolutionConfigurationPlatforms) = preSolution
		Debug|Any CPU = Debug|Any CPU
		Debug|x64 = Debug|x64
		Release|Any CPU = Release|Any CPU
		Release|x64 = Release|x64
	EndGlobalSection
	GlobalSection(ProjectConfigurationPlatforms) = postSolution
		{08C06158-D108-4F73-9469-FBA9FD14F83A}.Debug|Any CPU.ActiveCfg = Debug|Any CPU
		{08C06158-D108-4F73-9469-FBA9FD14F83A}.Debug|Any CPU.Build.0 = Debug|Any CPU
		{08C06158-D108-4F73-9469-FBA9FD14F83A}.Debug|x64.ActiveCfg = Debug|x64
		{08C06158-D108-4F73-9469-FBA9FD14F83A}.Debug|x64.Build.0 = Debug|x64
		{08C06158-D108-4F73-9469-FBA9FD14F83A}.Release|Any CPU.ActiveCfg = Release|Any CPU
		{08C06158-D108-4F73-9469-FBA9FD14F83A}.Release|Any CPU.Build.0 = Release|Any CPU
		{08C06158-D108-4F73-9469-FBA9FD14F83A}.Release|x64.ActiveCfg = Release|x64
		{08C06158-D108-4F73-9469-FBA9FD14F83A}.Release|x64.Build.0 = Release|x64
		{E8B47F54-A613-4DB3-8587-7494F2F429FC}.Debug|Any CPU.ActiveCfg = Debug|Any CPU
		{E8B47F54-A613-4DB3-8587-7494F2F429FC}.Debug|Any CPU.Build.0 = Debug|Any CPU
		{E8B47F54-A613-4DB3-8587-7494F2F429FC}.Debug|x64.ActiveCfg = Debug|Any CPU
		{E8B47F54-A613-4DB3-8587-7494F2F429FC}.Debug|x64.Build.0 = Debug|Any CPU
		{E8B47F54-A613-4DB3-8587-7494F2F429FC}.Release|Any CPU.ActiveCfg = Release|Any CPU
		{E8B47F54-A613-4DB3-8587-7494F2F429FC}.Release|Any CPU.Build.0 = Release|Any CPU
		{E8B47F54-A613-4DB3-8587-7494F2F429FC}.Release|x64.ActiveCfg = Release|Any CPU
		{E8B47F54-A613-4DB3-8587-7494F2F429FC}.Release|x64.Build.0 = Release|Any CPU
	EndGlobalSection
	GlobalSection(SolutionProperties) = preSolution
		HideSolutionNode = FALSE
	EndGlobalSection
EndGlobal
